
Microsoft Visual Studio Solution File, Format Version 12.00
# Visual Studio Version 16
VisualStudioVersion = 16.0.31729.503
MinimumVisualStudioVersion = 10.0.40219.1
Project("{9A19103F-16F7-4668-BE54-9A1E7A4F7556}") = "DataAccess", "DataAccess\DataAccess.csproj", "{3AF49207-0988-4AD7-A11E-FAD1CFFE5FF2}"
EndProject
Project("{9A19103F-16F7-4668-BE54-9A1E7A4F7556}") = "Business", "Business\Business.csproj", "{8AB43071-922A-4C56-8376-2456377B334B}"
EndProject
Project("{9A19103F-16F7-4668-BE54-9A1E7A4F7556}") = "Entities", "Entities\Entities.csproj", "{FCC0EDE2-2CC1-4D5E-8D66-538AE21819D5}"
EndProject
Project("{9A19103F-16F7-4668-BE54-9A1E7A4F7556}") = "ConsoleUI", "ConsoleUI\ConsoleUI.csproj", "{ACB4FB9C-BC0F-4771-B4FB-49E9C84560A2}"
EndProject
Project("{9A19103F-16F7-4668-BE54-9A1E7A4F7556}") = "Core", "Core\Core.csproj", "{649250C7-E423-4C8F-ADEC-AB215094B125}"
EndProject
Project("{FAE04EC0-301F-11D3-BF4B-00C04F79EFBC}") = "WebAPI", "WebAPI\WebAPI.csproj", "{4A432004-DF4B-4EF6-9FF2-AA311320520F}"
EndProject
Global
	GlobalSection(SolutionConfigurationPlatforms) = preSolution
		Debug|Any CPU = Debug|Any CPU
		Release|Any CPU = Release|Any CPU
	EndGlobalSection
	GlobalSection(ProjectConfigurationPlatforms) = postSolution
		{3AF49207-0988-4AD7-A11E-FAD1CFFE5FF2}.Debug|Any CPU.ActiveCfg = Debug|Any CPU
		{3AF49207-0988-4AD7-A11E-FAD1CFFE5FF2}.Debug|Any CPU.Build.0 = Debug|Any CPU
		{3AF49207-0988-4AD7-A11E-FAD1CFFE5FF2}.Release|Any CPU.ActiveCfg = Release|Any CPU
		{3AF49207-0988-4AD7-A11E-FAD1CFFE5FF2}.Release|Any CPU.Build.0 = Release|Any CPU
		{8AB43071-922A-4C56-8376-2456377B334B}.Debug|Any CPU.ActiveCfg = Debug|Any CPU
		{8AB43071-922A-4C56-8376-2456377B334B}.Debug|Any CPU.Build.0 = Debug|Any CPU
		{8AB43071-922A-4C56-8376-2456377B334B}.Release|Any CPU.ActiveCfg = Release|Any CPU
		{8AB43071-922A-4C56-8376-2456377B334B}.Release|Any CPU.Build.0 = Release|Any CPU
		{FCC0EDE2-2CC1-4D5E-8D66-538AE21819D5}.Debug|Any CPU.ActiveCfg = Debug|Any CPU
		{FCC0EDE2-2CC1-4D5E-8D66-538AE21819D5}.Debug|Any CPU.Build.0 = Debug|Any CPU
		{FCC0EDE2-2CC1-4D5E-8D66-538AE21819D5}.Release|Any CPU.ActiveCfg = Release|Any CPU
		{FCC0EDE2-2CC1-4D5E-8D66-538AE21819D5}.Release|Any CPU.Build.0 = Release|Any CPU
		{ACB4FB9C-BC0F-4771-B4FB-49E9C84560A2}.Debug|Any CPU.ActiveCfg = Debug|Any CPU
		{ACB4FB9C-BC0F-4771-B4FB-49E9C84560A2}.Debug|Any CPU.Build.0 = Debug|Any CPU
		{ACB4FB9C-BC0F-4771-B4FB-49E9C84560A2}.Release|Any CPU.ActiveCfg = Release|Any CPU
		{ACB4FB9C-BC0F-4771-B4FB-49E9C84560A2}.Release|Any CPU.Build.0 = Release|Any CPU
		{649250C7-E423-4C8F-ADEC-AB215094B125}.Debug|Any CPU.ActiveCfg = Debug|Any CPU
		{649250C7-E423-4C8F-ADEC-AB215094B125}.Debug|Any CPU.Build.0 = Debug|Any CPU
		{649250C7-E423-4C8F-ADEC-AB215094B125}.Release|Any CPU.ActiveCfg = Release|Any CPU
		{649250C7-E423-4C8F-ADEC-AB215094B125}.Release|Any CPU.Build.0 = Release|Any CPU
		{4A432004-DF4B-4EF6-9FF2-AA311320520F}.Debug|Any CPU.ActiveCfg = Debug|Any CPU
		{4A432004-DF4B-4EF6-9FF2-AA311320520F}.Debug|Any CPU.Build.0 = Debug|Any CPU
		{4A432004-DF4B-4EF6-9FF2-AA311320520F}.Release|Any CPU.ActiveCfg = Release|Any CPU
		{4A432004-DF4B-4EF6-9FF2-AA311320520F}.Release|Any CPU.Build.0 = Release|Any CPU
	EndGlobalSection
	GlobalSection(SolutionProperties) = preSolution
		HideSolutionNode = FALSE
	EndGlobalSection
	GlobalSection(ExtensibilityGlobals) = postSolution
		SolutionGuid = {18FF0B07-C768-4D37-ACD4-A277A54BB247}
	EndGlobalSection
EndGlobal
